
Microsoft Visual Studio Solution File, Format Version 12.00
# Visual Studio Version 17
VisualStudioVersion = 17.11.35219.272
MinimumVisualStudioVersion = 10.0.40219.1
Project("{FAE04EC0-301F-11D3-BF4B-00C04F79EFBC}") = "Aprobo_Reprobo", "Aprobo_Reprobo\Aprobo_Reprobo.csproj", "{F9CE9C4C-E843-46AB-9C67-35B3742D0464}"
EndProject
Global
	GlobalSection(SolutionConfigurationPlatforms) = preSolution
		Debug|Any CPU = Debug|Any CPU
		Release|Any CPU = Release|Any CPU
	EndGlobalSection
	GlobalSection(ProjectConfigurationPlatforms) = postSolution
		{F9CE9C4C-E843-46AB-9C67-35B3742D0464}.Debug|Any CPU.ActiveCfg = Debug|Any CPU
		{F9CE9C4C-E843-46AB-9C67-35B3742D0464}.Debug|Any CPU.Build.0 = Debug|Any CPU
		{F9CE9C4C-E843-46AB-9C67-35B3742D0464}.Release|Any CPU.ActiveCfg = Release|Any CPU
		{F9CE9C4C-E843-46AB-9C67-35B3742D0464}.Release|Any CPU.Build.0 = Release|Any CPU
	EndGlobalSection
	GlobalSection(SolutionProperties) = preSolution
		HideSolutionNode = FALSE
	EndGlobalSection
	GlobalSection(ExtensibilityGlobals) = postSolution
		SolutionGuid = {796F8B11-5C52-47FE-83BE-B280112130C4}
	EndGlobalSection
EndGlobal
